
Microsoft Visual Studio Solution File, Format Version 12.00
# Visual Studio Version 17
VisualStudioVersion = 17.4.32804.182
MinimumVisualStudioVersion = 10.0.40219.1
Project("{9A19103F-16F7-4668-BE54-9A1E7A4F7556}") = "AdventOfCode2020", "Src\AdventOfCode2020\AdventOfCode2020.csproj", "{1533D448-7E35-4375-82BC-EB1B8E55D6BF}"
EndProject
Project("{9A19103F-16F7-4668-BE54-9A1E7A4F7556}") = "AdventOfCode2015", "Src\AdventOfCode2015\AdventOfCode2015.csproj", "{76FD4A9D-3020-407B-A271-3ECAE22EA5A7}"
EndProject
Project("{9A19103F-16F7-4668-BE54-9A1E7A4F7556}") = "AdventOfCode2021", "Src\AdventOfCode2021\AdventOfCode2021.csproj", "{66AD2850-9623-4372-8E97-7DBBA67C8179}"
EndProject
Project("{9A19103F-16F7-4668-BE54-9A1E7A4F7556}") = "AdventOfCode2019", "Src\AdventOfCode2019\AdventOfCode2019.csproj", "{B285A4FC-7F8D-401C-852A-D0F430AC26C6}"
EndProject
Project("{9A19103F-16F7-4668-BE54-9A1E7A4F7556}") = "AdventOfCode.Shared", "Src\AdventOfCode.Shared\AdventOfCode.Shared.csproj", "{C0F944B4-4D89-475F-BC7E-10FCC46ED385}"
EndProject
Project("{9A19103F-16F7-4668-BE54-9A1E7A4F7556}") = "AdventOfCode2022", "Src\AdventOfCode2022\AdventOfCode2022.csproj", "{8E9BEDEF-48E3-4566-A041-CA8E370AE918}"
EndProject
Global
	GlobalSection(SolutionConfigurationPlatforms) = preSolution
		Debug|Any CPU = Debug|Any CPU
		Release|Any CPU = Release|Any CPU
	EndGlobalSection
	GlobalSection(ProjectConfigurationPlatforms) = postSolution
		{1533D448-7E35-4375-82BC-EB1B8E55D6BF}.Debug|Any CPU.ActiveCfg = Debug|Any CPU
		{1533D448-7E35-4375-82BC-EB1B8E55D6BF}.Debug|Any CPU.Build.0 = Debug|Any CPU
		{1533D448-7E35-4375-82BC-EB1B8E55D6BF}.Release|Any CPU.ActiveCfg = Release|Any CPU
		{1533D448-7E35-4375-82BC-EB1B8E55D6BF}.Release|Any CPU.Build.0 = Release|Any CPU
		{76FD4A9D-3020-407B-A271-3ECAE22EA5A7}.Debug|Any CPU.ActiveCfg = Debug|Any CPU
		{76FD4A9D-3020-407B-A271-3ECAE22EA5A7}.Debug|Any CPU.Build.0 = Debug|Any CPU
		{76FD4A9D-3020-407B-A271-3ECAE22EA5A7}.Release|Any CPU.ActiveCfg = Release|Any CPU
		{76FD4A9D-3020-407B-A271-3ECAE22EA5A7}.Release|Any CPU.Build.0 = Release|Any CPU
		{66AD2850-9623-4372-8E97-7DBBA67C8179}.Debug|Any CPU.ActiveCfg = Debug|Any CPU
		{66AD2850-9623-4372-8E97-7DBBA67C8179}.Debug|Any CPU.Build.0 = Debug|Any CPU
		{66AD2850-9623-4372-8E97-7DBBA67C8179}.Release|Any CPU.ActiveCfg = Release|Any CPU
		{66AD2850-9623-4372-8E97-7DBBA67C8179}.Release|Any CPU.Build.0 = Release|Any CPU
		{B285A4FC-7F8D-401C-852A-D0F430AC26C6}.Debug|Any CPU.ActiveCfg = Debug|Any CPU
		{B285A4FC-7F8D-401C-852A-D0F430AC26C6}.Debug|Any CPU.Build.0 = Debug|Any CPU
		{B285A4FC-7F8D-401C-852A-D0F430AC26C6}.Release|Any CPU.ActiveCfg = Release|Any CPU
		{B285A4FC-7F8D-401C-852A-D0F430AC26C6}.Release|Any CPU.Build.0 = Release|Any CPU
		{C0F944B4-4D89-475F-BC7E-10FCC46ED385}.Debug|Any CPU.ActiveCfg = Debug|Any CPU
		{C0F944B4-4D89-475F-BC7E-10FCC46ED385}.Debug|Any CPU.Build.0 = Debug|Any CPU
		{C0F944B4-4D89-475F-BC7E-10FCC46ED385}.Release|Any CPU.ActiveCfg = Release|Any CPU
		{C0F944B4-4D89-475F-BC7E-10FCC46ED385}.Release|Any CPU.Build.0 = Release|Any CPU
		{8E9BEDEF-48E3-4566-A041-CA8E370AE918}.Debug|Any CPU.ActiveCfg = Debug|Any CPU
		{8E9BEDEF-48E3-4566-A041-CA8E370AE918}.Debug|Any CPU.Build.0 = Debug|Any CPU
		{8E9BEDEF-48E3-4566-A041-CA8E370AE918}.Release|Any CPU.ActiveCfg = Release|Any CPU
		{8E9BEDEF-48E3-4566-A041-CA8E370AE918}.Release|Any CPU.Build.0 = Release|Any CPU
	EndGlobalSection
	GlobalSection(SolutionProperties) = preSolution
		HideSolutionNode = FALSE
	EndGlobalSection
	GlobalSection(ExtensibilityGlobals) = postSolution
		SolutionGuid = {BFF2752E-BDE6-4E7A-9352-625EFE333CA1}
	EndGlobalSection
EndGlobal
